
Microsoft Visual Studio Solution File, Format Version 12.00
# Visual Studio Version 16
VisualStudioVersion = 16.0.29728.190
MinimumVisualStudioVersion = 10.0.40219.1
Project("{888888A0-9F3D-457C-B088-3A5042F75D52}") = "BookChange", "BookChange\BookChange.pyproj", "{77848F69-8EC0-4E14-821D-7ACA0A5CFC81}"
EndProject
Global
	GlobalSection(SolutionConfigurationPlatforms) = preSolution
		Debug|Any CPU = Debug|Any CPU
		Release|Any CPU = Release|Any CPU
	EndGlobalSection
	GlobalSection(ProjectConfigurationPlatforms) = postSolution
		{77848F69-8EC0-4E14-821D-7ACA0A5CFC81}.Debug|Any CPU.ActiveCfg = Debug|Any CPU
		{77848F69-8EC0-4E14-821D-7ACA0A5CFC81}.Debug|Any CPU.Build.0 = Debug|Any CPU
		{77848F69-8EC0-4E14-821D-7ACA0A5CFC81}.Release|Any CPU.ActiveCfg = Release|Any CPU
		{77848F69-8EC0-4E14-821D-7ACA0A5CFC81}.Release|Any CPU.Build.0 = Release|Any CPU
	EndGlobalSection
	GlobalSection(SolutionProperties) = preSolution
		HideSolutionNode = FALSE
	EndGlobalSection
	GlobalSection(ExtensibilityGlobals) = postSolution
		SolutionGuid = {CF1E0619-9BD6-4E6B-8902-2672C3A5AB9E}
	EndGlobalSection
EndGlobal
